
Microsoft Visual Studio Solution File, Format Version 12.00
# Visual Studio 15
VisualStudioVersion = 15.0.27428.2015
MinimumVisualStudioVersion = 10.0.40219.1
Project("{FAE04EC0-301F-11D3-BF4B-00C04F79EFBC}") = "Loan Application", "Loan Application\Loan Application.csproj", "{6FADC74B-9856-4C10-9584-11B713246E17}"
EndProject
Project("{54435603-DBB4-11D2-8724-00A0C9A8B90C}") = "Loan Application Setup", "Loan Application Setup\Loan Application Setup.vdproj", "{B9879296-4B08-478C-BA04-A03CA9A0FB64}"
EndProject
Global
	GlobalSection(SolutionConfigurationPlatforms) = preSolution
		Debug|Any CPU = Debug|Any CPU
		Release|Any CPU = Release|Any CPU
	EndGlobalSection
	GlobalSection(ProjectConfigurationPlatforms) = postSolution
		{6FADC74B-9856-4C10-9584-11B713246E17}.Debug|Any CPU.ActiveCfg = Debug|Any CPU
		{6FADC74B-9856-4C10-9584-11B713246E17}.Debug|Any CPU.Build.0 = Debug|Any CPU
		{6FADC74B-9856-4C10-9584-11B713246E17}.Release|Any CPU.ActiveCfg = Release|Any CPU
		{6FADC74B-9856-4C10-9584-11B713246E17}.Release|Any CPU.Build.0 = Release|Any CPU
		{B9879296-4B08-478C-BA04-A03CA9A0FB64}.Debug|Any CPU.ActiveCfg = Debug
		{B9879296-4B08-478C-BA04-A03CA9A0FB64}.Release|Any CPU.ActiveCfg = Release
	EndGlobalSection
	GlobalSection(SolutionProperties) = preSolution
		HideSolutionNode = FALSE
	EndGlobalSection
	GlobalSection(ExtensibilityGlobals) = postSolution
		SolutionGuid = {C92E0F05-9897-41FF-81D4-2FD16CF219A0}
	EndGlobalSection
EndGlobal
