
Microsoft Visual Studio Solution File, Format Version 12.00
# Visual Studio 15
VisualStudioVersion = 15.0.27703.2035
MinimumVisualStudioVersion = 10.0.40219.1
Project("{FAE04EC0-301F-11D3-BF4B-00C04F79EFBC}") = "Add Visitor", "Add Visitor\Add Visitor.csproj", "{EE10AB8D-2874-4FF7-B0F8-FD7660924CC5}"
EndProject
Project("{54435603-DBB4-11D2-8724-00A0C9A8B90C}") = "Add Visitor Application", "Add Visitor Application\Add Visitor Application.vdproj", "{76FC3F12-94BE-4305-9545-C4F25AFC01BA}"
EndProject
Global
	GlobalSection(SolutionConfigurationPlatforms) = preSolution
		Debug|Any CPU = Debug|Any CPU
		Release|Any CPU = Release|Any CPU
	EndGlobalSection
	GlobalSection(ProjectConfigurationPlatforms) = postSolution
		{EE10AB8D-2874-4FF7-B0F8-FD7660924CC5}.Debug|Any CPU.ActiveCfg = Debug|Any CPU
		{EE10AB8D-2874-4FF7-B0F8-FD7660924CC5}.Debug|Any CPU.Build.0 = Debug|Any CPU
		{EE10AB8D-2874-4FF7-B0F8-FD7660924CC5}.Release|Any CPU.ActiveCfg = Release|Any CPU
		{EE10AB8D-2874-4FF7-B0F8-FD7660924CC5}.Release|Any CPU.Build.0 = Release|Any CPU
		{76FC3F12-94BE-4305-9545-C4F25AFC01BA}.Debug|Any CPU.ActiveCfg = Debug
		{76FC3F12-94BE-4305-9545-C4F25AFC01BA}.Release|Any CPU.ActiveCfg = Release
	EndGlobalSection
	GlobalSection(SolutionProperties) = preSolution
		HideSolutionNode = FALSE
	EndGlobalSection
	GlobalSection(ExtensibilityGlobals) = postSolution
		SolutionGuid = {70990B0D-BC7C-4A92-B6D5-43876B5C5055}
	EndGlobalSection
EndGlobal
